
Microsoft Visual Studio Solution File, Format Version 12.00
# Visual Studio Version 16
VisualStudioVersion = 16.0.31702.278
MinimumVisualStudioVersion = 10.0.40219.1
Project("{FAE04EC0-301F-11D3-BF4B-00C04F79EFBC}") = "HomeApp.UWP", "HomeApp.UWP\HomeApp.UWP.csproj", "{D20C8A61-3714-410E-B544-29A127499880}"
EndProject
Project("{FAE04EC0-301F-11D3-BF4B-00C04F79EFBC}") = "HomeApp.Android", "HomeApp.Android\HomeApp.Android.csproj", "{7649ECF9-FE68-4AD8-99AB-A28E46985B8B}"
EndProject
Project("{FAE04EC0-301F-11D3-BF4B-00C04F79EFBC}") = "HomeApp.iOS", "HomeApp.iOS\HomeApp.iOS.csproj", "{97577243-553C-4010-BB97-8DC1662C5E64}"
EndProject
Project("{FAE04EC0-301F-11D3-BF4B-00C04F79EFBC}") = "HomeApp", "HomeApp\HomeApp.csproj", "{7EA00AC6-EDC9-4FC2-A49A-D254B6A0C58B}"
EndProject
Global
	GlobalSection(SolutionConfigurationPlatforms) = preSolution
		Debug|Any CPU = Debug|Any CPU
		Debug|ARM = Debug|ARM
		Debug|iPhone = Debug|iPhone
		Debug|iPhoneSimulator = Debug|iPhoneSimulator
		Debug|x64 = Debug|x64
		Debug|x86 = Debug|x86
		Release|Any CPU = Release|Any CPU
		Release|ARM = Release|ARM
		Release|iPhone = Release|iPhone
		Release|iPhoneSimulator = Release|iPhoneSimulator
		Release|x64 = Release|x64
		Release|x86 = Release|x86
	EndGlobalSection
	GlobalSection(ProjectConfigurationPlatforms) = postSolution
		{D20C8A61-3714-410E-B544-29A127499880}.Debug|Any CPU.ActiveCfg = Debug|x86
		{D20C8A61-3714-410E-B544-29A127499880}.Debug|Any CPU.Build.0 = Debug|x86
		{D20C8A61-3714-410E-B544-29A127499880}.Debug|Any CPU.Deploy.0 = Debug|x86
		{D20C8A61-3714-410E-B544-29A127499880}.Debug|ARM.ActiveCfg = Debug|ARM
		{D20C8A61-3714-410E-B544-29A127499880}.Debug|ARM.Build.0 = Debug|ARM
		{D20C8A61-3714-410E-B544-29A127499880}.Debug|ARM.Deploy.0 = Debug|ARM
		{D20C8A61-3714-410E-B544-29A127499880}.Debug|iPhone.ActiveCfg = Debug|x86
		{D20C8A61-3714-410E-B544-29A127499880}.Debug|iPhone.Build.0 = Debug|x86
		{D20C8A61-3714-410E-B544-29A127499880}.Debug|iPhone.Deploy.0 = Debug|x86
		{D20C8A61-3714-410E-B544-29A127499880}.Debug|iPhoneSimulator.ActiveCfg = Debug|x86
		{D20C8A61-3714-410E-B544-29A127499880}.Debug|iPhoneSimulator.Build.0 = Debug|x86
		{D20C8A61-3714-410E-B544-29A127499880}.Debug|iPhoneSimulator.Deploy.0 = Debug|x86
		{D20C8A61-3714-410E-B544-29A127499880}.Debug|x64.ActiveCfg = Debug|x64
		{D20C8A61-3714-410E-B544-29A127499880}.Debug|x64.Build.0 = Debug|x64
		{D20C8A61-3714-410E-B544-29A127499880}.Debug|x64.Deploy.0 = Debug|x64
		{D20C8A61-3714-410E-B544-29A127499880}.Debug|x86.ActiveCfg = Debug|x86
		{D20C8A61-3714-410E-B544-29A127499880}.Debug|x86.Build.0 = Debug|x86
		{D20C8A61-3714-410E-B544-29A127499880}.Debug|x86.Deploy.0 = Debug|x86
		{D20C8A61-3714-410E-B544-29A127499880}.Release|Any CPU.ActiveCfg = Release|x86
		{D20C8A61-3714-410E-B544-29A127499880}.Release|Any CPU.Build.0 = Release|x86
		{D20C8A61-3714-410E-B544-29A127499880}.Release|Any CPU.Deploy.0 = Release|x86
		{D20C8A61-3714-410E-B544-29A127499880}.Release|ARM.ActiveCfg = Release|ARM
		{D20C8A61-3714-410E-B544-29A127499880}.Release|ARM.Build.0 = Release|ARM
		{D20C8A61-3714-410E-B544-29A127499880}.Release|ARM.Deploy.0 = Release|ARM
		{D20C8A61-3714-410E-B544-29A127499880}.Release|iPhone.ActiveCfg = Release|x86
		{D20C8A61-3714-410E-B544-29A127499880}.Release|iPhone.Build.0 = Release|x86
		{D20C8A61-3714-410E-B544-29A127499880}.Release|iPhone.Deploy.0 = Release|x86
		{D20C8A61-3714-410E-B544-29A127499880}.Release|iPhoneSimulator.ActiveCfg = Release|x86
		{D20C8A61-3714-410E-B544-29A127499880}.Release|iPhoneSimulator.Build.0 = Release|x86
		{D20C8A61-3714-410E-B544-29A127499880}.Release|iPhoneSimulator.Deploy.0 = Release|x86
		{D20C8A61-3714-410E-B544-29A127499880}.Release|x64.ActiveCfg = Release|x64
		{D20C8A61-3714-410E-B544-29A127499880}.Release|x64.Build.0 = Release|x64
		{D20C8A61-3714-410E-B544-29A127499880}.Release|x64.Deploy.0 = Release|x64
		{D20C8A61-3714-410E-B544-29A127499880}.Release|x86.ActiveCfg = Release|x86
		{D20C8A61-3714-410E-B544-29A127499880}.Release|x86.Build.0 = Release|x86
		{D20C8A61-3714-410E-B544-29A127499880}.Release|x86.Deploy.0 = Release|x86
		{7649ECF9-FE68-4AD8-99AB-A28E46985B8B}.Debug|Any CPU.ActiveCfg = Debug|Any CPU
		{7649ECF9-FE68-4AD8-99AB-A28E46985B8B}.Debug|Any CPU.Build.0 = Debug|Any CPU
		{7649ECF9-FE68-4AD8-99AB-A28E46985B8B}.Debug|Any CPU.Deploy.0 = Debug|Any CPU
		{7649ECF9-FE68-4AD8-99AB-A28E46985B8B}.Debug|ARM.ActiveCfg = Debug|Any CPU
		{7649ECF9-FE68-4AD8-99AB-A28E46985B8B}.Debug|ARM.Build.0 = Debug|Any CPU
		{7649ECF9-FE68-4AD8-99AB-A28E46985B8B}.Debug|ARM.Deploy.0 = Debug|Any CPU
		{7649ECF9-FE68-4AD8-99AB-A28E46985B8B}.Debug|iPhone.ActiveCfg = Debug|Any CPU
		{7649ECF9-FE68-4AD8-99AB-A28E46985B8B}.Debug|iPhone.Build.0 = Debug|Any CPU
		{7649ECF9-FE68-4AD8-99AB-A28E46985B8B}.Debug|iPhone.Deploy.0 = Debug|Any CPU
		{7649ECF9-FE68-4AD8-99AB-A28E46985B8B}.Debug|iPhoneSimulator.ActiveCfg = Debug|Any CPU
		{7649ECF9-FE68-4AD8-99AB-A28E46985B8B}.Debug|iPhoneSimulator.Build.0 = Debug|Any CPU
		{7649ECF9-FE68-4AD8-99AB-A28E46985B8B}.Debug|iPhoneSimulator.Deploy.0 = Debug|Any CPU
		{7649ECF9-FE68-4AD8-99AB-A28E46985B8B}.Debug|x64.ActiveCfg = Debug|Any CPU
		{7649ECF9-FE68-4AD8-99AB-A28E46985B8B}.Debug|x64.Build.0 = Debug|Any CPU
		{7649ECF9-FE68-4AD8-99AB-A28E46985B8B}.Debug|x64.Deploy.0 = Debug|Any CPU
		{7649ECF9-FE68-4AD8-99AB-A28E46985B8B}.Debug|x86.ActiveCfg = Debug|Any CPU
		{7649ECF9-FE68-4AD8-99AB-A28E46985B8B}.Debug|x86.Build.0 = Debug|Any CPU
		{7649ECF9-FE68-4AD8-99AB-A28E46985B8B}.Debug|x86.Deploy.0 = Debug|Any CPU
		{7649ECF9-FE68-4AD8-99AB-A28E46985B8B}.Release|Any CPU.ActiveCfg = Release|Any CPU
		{7649ECF9-FE68-4AD8-99AB-A28E46985B8B}.Release|Any CPU.Build.0 = Release|Any CPU
		{7649ECF9-FE68-4AD8-99AB-A28E46985B8B}.Release|Any CPU.Deploy.0 = Release|Any CPU
		{7649ECF9-FE68-4AD8-99AB-A28E46985B8B}.Release|ARM.ActiveCfg = Release|Any CPU
		{7649ECF9-FE68-4AD8-99AB-A28E46985B8B}.Release|ARM.Build.0 = Release|Any CPU
		{7649ECF9-FE68-4AD8-99AB-A28E46985B8B}.Release|ARM.Deploy.0 = Release|Any CPU
		{7649ECF9-FE68-4AD8-99AB-A28E46985B8B}.Release|iPhone.ActiveCfg = Release|Any CPU
		{7649ECF9-FE68-4AD8-99AB-A28E46985B8B}.Release|iPhone.Build.0 = Release|Any CPU
		{7649ECF9-FE68-4AD8-99AB-A28E46985B8B}.Release|iPhone.Deploy.0 = Release|Any CPU
		{7649ECF9-FE68-4AD8-99AB-A28E46985B8B}.Release|iPhoneSimulator.ActiveCfg = Release|Any CPU
		{7649ECF9-FE68-4AD8-99AB-A28E46985B8B}.Release|iPhoneSimulator.Build.0 = Release|Any CPU
		{7649ECF9-FE68-4AD8-99AB-A28E46985B8B}.Release|iPhoneSimulator.Deploy.0 = Release|Any CPU
		{7649ECF9-FE68-4AD8-99AB-A28E46985B8B}.Release|x64.ActiveCfg = Release|Any CPU
		{7649ECF9-FE68-4AD8-99AB-A28E46985B8B}.Release|x64.Build.0 = Release|Any CPU
		{7649ECF9-FE68-4AD8-99AB-A28E46985B8B}.Release|x64.Deploy.0 = Release|Any CPU
		{7649ECF9-FE68-4AD8-99AB-A28E46985B8B}.Release|x86.ActiveCfg = Release|Any CPU
		{7649ECF9-FE68-4AD8-99AB-A28E46985B8B}.Release|x86.Build.0 = Release|Any CPU
		{7649ECF9-FE68-4AD8-99AB-A28E46985B8B}.Release|x86.Deploy.0 = Release|Any CPU
		{97577243-553C-4010-BB97-8DC1662C5E64}.Debug|Any CPU.ActiveCfg = Debug|iPhoneSimulator
		{97577243-553C-4010-BB97-8DC1662C5E64}.Debug|Any CPU.Build.0 = Debug|iPhoneSimulator
		{97577243-553C-4010-BB97-8DC1662C5E64}.Debug|Any CPU.Deploy.0 = Debug|iPhoneSimulator
		{97577243-553C-4010-BB97-8DC1662C5E64}.Debug|ARM.ActiveCfg = Debug|iPhone
		{97577243-553C-4010-BB97-8DC1662C5E64}.Debug|ARM.Build.0 = Debug|iPhone
		{97577243-553C-4010-BB97-8DC1662C5E64}.Debug|ARM.Deploy.0 = Debug|iPhone
		{97577243-553C-4010-BB97-8DC1662C5E64}.Debug|iPhone.ActiveCfg = Debug|iPhone
		{97577243-553C-4010-BB97-8DC1662C5E64}.Debug|iPhone.Build.0 = Debug|iPhone
		{97577243-553C-4010-BB97-8DC1662C5E64}.Debug|iPhone.Deploy.0 = Debug|iPhone
		{97577243-553C-4010-BB97-8DC1662C5E64}.Debug|iPhoneSimulator.ActiveCfg = Debug|iPhoneSimulator
		{97577243-553C-4010-BB97-8DC1662C5E64}.Debug|iPhoneSimulator.Build.0 = Debug|iPhoneSimulator
		{97577243-553C-4010-BB97-8DC1662C5E64}.Debug|iPhoneSimulator.Deploy.0 = Debug|iPhoneSimulator
		{97577243-553C-4010-BB97-8DC1662C5E64}.Debug|x64.ActiveCfg = Debug|iPhoneSimulator
		{97577243-553C-4010-BB97-8DC1662C5E64}.Debug|x64.Build.0 = Debug|iPhoneSimulator
		{97577243-553C-4010-BB97-8DC1662C5E64}.Debug|x64.Deploy.0 = Debug|iPhoneSimulator
		{97577243-553C-4010-BB97-8DC1662C5E64}.Debug|x86.ActiveCfg = Debug|iPhoneSimulator
		{97577243-553C-4010-BB97-8DC1662C5E64}.Debug|x86.Build.0 = Debug|iPhoneSimulator
		{97577243-553C-4010-BB97-8DC1662C5E64}.Debug|x86.Deploy.0 = Debug|iPhoneSimulator
		{97577243-553C-4010-BB97-8DC1662C5E64}.Release|Any CPU.ActiveCfg = Release|iPhoneSimulator
		{97577243-553C-4010-BB97-8DC1662C5E64}.Release|Any CPU.Build.0 = Release|iPhoneSimulator
		{97577243-553C-4010-BB97-8DC1662C5E64}.Release|Any CPU.Deploy.0 = Release|iPhoneSimulator
		{97577243-553C-4010-BB97-8DC1662C5E64}.Release|ARM.ActiveCfg = Release|iPhoneSimulator
		{97577243-553C-4010-BB97-8DC1662C5E64}.Release|ARM.Build.0 = Release|iPhoneSimulator
		{97577243-553C-4010-BB97-8DC1662C5E64}.Release|ARM.Deploy.0 = Release|iPhoneSimulator
		{97577243-553C-4010-BB97-8DC1662C5E64}.Release|iPhone.ActiveCfg = Release|iPhone
		{97577243-553C-4010-BB97-8DC1662C5E64}.Release|iPhone.Build.0 = Release|iPhone
		{97577243-553C-4010-BB97-8DC1662C5E64}.Release|iPhone.Deploy.0 = Release|iPhone
		{97577243-553C-4010-BB97-8DC1662C5E64}.Release|iPhoneSimulator.ActiveCfg = Release|iPhoneSimulator
		{97577243-553C-4010-BB97-8DC1662C5E64}.Release|iPhoneSimulator.Build.0 = Release|iPhoneSimulator
		{97577243-553C-4010-BB97-8DC1662C5E64}.Release|iPhoneSimulator.Deploy.0 = Release|iPhoneSimulator
		{97577243-553C-4010-BB97-8DC1662C5E64}.Release|x64.ActiveCfg = Release|iPhoneSimulator
		{97577243-553C-4010-BB97-8DC1662C5E64}.Release|x64.Build.0 = Release|iPhoneSimulator
		{97577243-553C-4010-BB97-8DC1662C5E64}.Release|x64.Deploy.0 = Release|iPhoneSimulator
		{97577243-553C-4010-BB97-8DC1662C5E64}.Release|x86.ActiveCfg = Release|iPhoneSimulator
		{97577243-553C-4010-BB97-8DC1662C5E64}.Release|x86.Build.0 = Release|iPhoneSimulator
		{97577243-553C-4010-BB97-8DC1662C5E64}.Release|x86.Deploy.0 = Release|iPhoneSimulator
		{7EA00AC6-EDC9-4FC2-A49A-D254B6A0C58B}.Debug|Any CPU.ActiveCfg = Debug|Any CPU
		{7EA00AC6-EDC9-4FC2-A49A-D254B6A0C58B}.Debug|Any CPU.Build.0 = Debug|Any CPU
		{7EA00AC6-EDC9-4FC2-A49A-D254B6A0C58B}.Debug|Any CPU.Deploy.0 = Debug|Any CPU
		{7EA00AC6-EDC9-4FC2-A49A-D254B6A0C58B}.Debug|ARM.ActiveCfg = Debug|Any CPU
		{7EA00AC6-EDC9-4FC2-A49A-D254B6A0C58B}.Debug|ARM.Build.0 = Debug|Any CPU
		{7EA00AC6-EDC9-4FC2-A49A-D254B6A0C58B}.Debug|ARM.Deploy.0 = Debug|Any CPU
		{7EA00AC6-EDC9-4FC2-A49A-D254B6A0C58B}.Debug|iPhone.ActiveCfg = Debug|Any CPU
		{7EA00AC6-EDC9-4FC2-A49A-D254B6A0C58B}.Debug|iPhone.Build.0 = Debug|Any CPU
		{7EA00AC6-EDC9-4FC2-A49A-D254B6A0C58B}.Debug|iPhone.Deploy.0 = Debug|Any CPU
		{7EA00AC6-EDC9-4FC2-A49A-D254B6A0C58B}.Debug|iPhoneSimulator.ActiveCfg = Debug|Any CPU
		{7EA00AC6-EDC9-4FC2-A49A-D254B6A0C58B}.Debug|iPhoneSimulator.Build.0 = Debug|Any CPU
		{7EA00AC6-EDC9-4FC2-A49A-D254B6A0C58B}.Debug|iPhoneSimulator.Deploy.0 = Debug|Any CPU
		{7EA00AC6-EDC9-4FC2-A49A-D254B6A0C58B}.Debug|x64.ActiveCfg = Debug|Any CPU
		{7EA00AC6-EDC9-4FC2-A49A-D254B6A0C58B}.Debug|x64.Build.0 = Debug|Any CPU
		{7EA00AC6-EDC9-4FC2-A49A-D254B6A0C58B}.Debug|x64.Deploy.0 = Debug|Any CPU
		{7EA00AC6-EDC9-4FC2-A49A-D254B6A0C58B}.Debug|x86.ActiveCfg = Debug|Any CPU
		{7EA00AC6-EDC9-4FC2-A49A-D254B6A0C58B}.Debug|x86.Build.0 = Debug|Any CPU
		{7EA00AC6-EDC9-4FC2-A49A-D254B6A0C58B}.Debug|x86.Deploy.0 = Debug|Any CPU
		{7EA00AC6-EDC9-4FC2-A49A-D254B6A0C58B}.Release|Any CPU.ActiveCfg = Release|Any CPU
		{7EA00AC6-EDC9-4FC2-A49A-D254B6A0C58B}.Release|Any CPU.Build.0 = Release|Any CPU
		{7EA00AC6-EDC9-4FC2-A49A-D254B6A0C58B}.Release|Any CPU.Deploy.0 = Release|Any CPU
		{7EA00AC6-EDC9-4FC2-A49A-D254B6A0C58B}.Release|ARM.ActiveCfg = Release|Any CPU
		{7EA00AC6-EDC9-4FC2-A49A-D254B6A0C58B}.Release|ARM.Build.0 = Release|Any CPU
		{7EA00AC6-EDC9-4FC2-A49A-D254B6A0C58B}.Release|ARM.Deploy.0 = Release|Any CPU
		{7EA00AC6-EDC9-4FC2-A49A-D254B6A0C58B}.Release|iPhone.ActiveCfg = Release|Any CPU
		{7EA00AC6-EDC9-4FC2-A49A-D254B6A0C58B}.Release|iPhone.Build.0 = Release|Any CPU
		{7EA00AC6-EDC9-4FC2-A49A-D254B6A0C58B}.Release|iPhone.Deploy.0 = Release|Any CPU
		{7EA00AC6-EDC9-4FC2-A49A-D254B6A0C58B}.Release|iPhoneSimulator.ActiveCfg = Release|Any CPU
		{7EA00AC6-EDC9-4FC2-A49A-D254B6A0C58B}.Release|iPhoneSimulator.Build.0 = Release|Any CPU
		{7EA00AC6-EDC9-4FC2-A49A-D254B6A0C58B}.Release|iPhoneSimulator.Deploy.0 = Release|Any CPU
		{7EA00AC6-EDC9-4FC2-A49A-D254B6A0C58B}.Release|x64.ActiveCfg = Release|Any CPU
		{7EA00AC6-EDC9-4FC2-A49A-D254B6A0C58B}.Release|x64.Build.0 = Release|Any CPU
		{7EA00AC6-EDC9-4FC2-A49A-D254B6A0C58B}.Release|x64.Deploy.0 = Release|Any CPU
		{7EA00AC6-EDC9-4FC2-A49A-D254B6A0C58B}.Release|x86.ActiveCfg = Release|Any CPU
		{7EA00AC6-EDC9-4FC2-A49A-D254B6A0C58B}.Release|x86.Build.0 = Release|Any CPU
		{7EA00AC6-EDC9-4FC2-A49A-D254B6A0C58B}.Release|x86.Deploy.0 = Release|Any CPU
	EndGlobalSection
	GlobalSection(SolutionProperties) = preSolution
		HideSolutionNode = FALSE
	EndGlobalSection
	GlobalSection(ExtensibilityGlobals) = postSolution
		SolutionGuid = {C2A59B5F-84EA-419B-8C8A-0E930C3CB6CD}
	EndGlobalSection
EndGlobal
